
Microsoft Visual Studio Solution File, Format Version 12.00
# Visual Studio Version 17
VisualStudioVersion = 17.3.32929.385
MinimumVisualStudioVersion = 10.0.40219.1
Project("{9A19103F-16F7-4668-BE54-9A1E7A4F7556}") = "ST10116374_PROG6212_POE", "ST10116374_PROG6212_POE\ST10116374_PROG6212_POE.csproj", "{0E8CD95B-4949-4EDD-BA05-E191D97379B9}"
EndProject
Global
	GlobalSection(SolutionConfigurationPlatforms) = preSolution
		Debug|Any CPU = Debug|Any CPU
		Release|Any CPU = Release|Any CPU
	EndGlobalSection
	GlobalSection(ProjectConfigurationPlatforms) = postSolution
		{0E8CD95B-4949-4EDD-BA05-E191D97379B9}.Debug|Any CPU.ActiveCfg = Debug|Any CPU
		{0E8CD95B-4949-4EDD-BA05-E191D97379B9}.Debug|Any CPU.Build.0 = Debug|Any CPU
		{0E8CD95B-4949-4EDD-BA05-E191D97379B9}.Release|Any CPU.ActiveCfg = Release|Any CPU
		{0E8CD95B-4949-4EDD-BA05-E191D97379B9}.Release|Any CPU.Build.0 = Release|Any CPU
	EndGlobalSection
	GlobalSection(SolutionProperties) = preSolution
		HideSolutionNode = FALSE
	EndGlobalSection
	GlobalSection(ExtensibilityGlobals) = postSolution
		SolutionGuid = {C26E3A4D-6CCC-402C-B7E6-6C65749682D8}
	EndGlobalSection
EndGlobal
